<?xml version="1.0" encoding="utf-8"?>
<Project ToolsVersion="4.0" xmlns="http://schemas.microsoft.com/developer/msbuild/2003">
  <ItemGroup>
    <Filter Include="Source Files">
      <UniqueIdentifier>{4FC737F1-C7A5-4376-A066-2A32D752A2FF}</UniqueIdentifier>
      <Extensions>cpp;c;cc;cxx;def;odl;idl;hpj;bat;asm;asmx</Extensions>
    </Filter>
    <Filter Include="Header Files">
      <UniqueIdentifier>{93995380-89BD-4b04-88EB-625FBE52EBFB}</UniqueIdentifier>
      <Extensions>h;hpp;hxx;hm;inl;inc;xsd</Extensions>
    </Filter>
    <Filter Include="Resource Files">
      <UniqueIdentifier>{67DA6AB6-F800-4c08-8B7A-83BB121AAD01}</UniqueIdentifier>
      <Extensions>rc;ico;cur;bmp;dlg;rc2;rct;bin;rgs;gif;jpg;jpeg;jpe;resx;tiff;tif;png;wav;mfcribbon-ms</Extensions>
    </Filter>
    <Filter Include="Header Files\Characters">
      <UniqueIdentifier>{084ad0d7-913e-42bc-977a-3f30e4960948}</UniqueIdentifier>
    </Filter>
    <Filter Include="Header Files\World">
      <UniqueIdentifier>{e0d0bd6b-2984-414d-a317-6d94d68412bf}</UniqueIdentifier>
    </Filter>
    <Filter Include="Source Files\Characters">
      <UniqueIdentifier>{81df99a5-5d70-44dd-aeb7-8253f2792fb8}</UniqueIdentifier>
    </Filter>
    <Filter Include="Header Files\Characters\Objects">
      <UniqueIdentifier>{20e2f0c7-4e5a-4838-a6d6-53ea148ed844}</UniqueIdentifier>
    </Filter>
    <Filter Include="Resource Files\Megaman X Sprites">
      <UniqueIdentifier>{2cf55c41-f015-4e2d-963f-8f657f6209e9}</UniqueIdentifier>
    </Filter>
    <Filter Include="Resource Files\Megaman X Sprites\Run">
      <UniqueIdentifier>{82a8afbb-3b98-492a-a19e-f71dee0c75d1}</UniqueIdentifier>
    </Filter>
    <Filter Include="Resource Files\Megaman X Sprites\Stand">
      <UniqueIdentifier>{9cf3c060-5e87-4b4d-b6ee-4eff5fd4c1b4}</UniqueIdentifier>
    </Filter>
    <Filter Include="Resource Files\Megaman X Sprites\Jump">
      <UniqueIdentifier>{3b782c68-905e-4041-8755-88cb975054ce}</UniqueIdentifier>
    </Filter>
    <Filter Include="Resource Files\Megaman X Sprites\Level Entrance">
      <UniqueIdentifier>{ad821f57-0fc4-4e75-8513-d832454a7918}</UniqueIdentifier>
    </Filter>
  </ItemGroup>
  <ItemGroup>
    <ClInclude Include="Sigma.h">
      <Filter>Header Files\Characters</Filter>
    </ClInclude>
    <ClInclude Include="Character.h">
      <Filter>Header Files\Characters</Filter>
    </ClInclude>
    <ClInclude Include="X.h">
      <Filter>Header Files\Characters</Filter>
    </ClInclude>
    <ClInclude Include="World.h">
      <Filter>Header Files\World</Filter>
    </ClInclude>
    <ClInclude Include="X_Bullet.h">
      <Filter>Header Files\Characters\Objects</Filter>
    </ClInclude>
  </ItemGroup>
  <ItemGroup>
    <ClCompile Include="X.cpp">
      <Filter>Source Files\Characters</Filter>
    </ClCompile>
    <ClCompile Include="Sigma.cpp">
      <Filter>Source Files\Characters</Filter>
    </ClCompile>
    <ClCompile Include="Driver.cpp">
      <Filter>Source Files</Filter>
    </ClCompile>
    <ClCompile Include="World.cpp">
      <Filter>Source Files</Filter>
    </ClCompile>
  </ItemGroup>
  <ItemGroup>
    <Image Include="..\Sprites\Megaman\stand\stand_right.png">
      <Filter>Resource Files\Megaman X Sprites\Stand</Filter>
    </Image>
  </ItemGroup>
</Project>