<?xml version="1.0" encoding="utf-8"?>
<Project ToolsVersion="4.0" xmlns="http://schemas.microsoft.com/developer/msbuild/2003">
  <ItemGroup>
    <Filter Include="Source Files">
      <UniqueIdentifier>{4FC737F1-C7A5-4376-A066-2A32D752A2FF}</UniqueIdentifier>
      <Extensions>cpp;c;cc;cxx;def;odl;idl;hpj;bat;asm;asmx</Extensions>
    </Filter>
    <Filter Include="Header Files">
      <UniqueIdentifier>{93995380-89BD-4b04-88EB-625FBE52EBFB}</UniqueIdentifier>
      <Extensions>h;hpp;hxx;hm;inl;inc;xsd</Extensions>
    </Filter>
    <Filter Include="Resource Files">
      <UniqueIdentifier>{67DA6AB6-F800-4c08-8B7A-83BB121AAD01}</UniqueIdentifier>
      <Extensions>rc;ico;cur;bmp;dlg;rc2;rct;bin;rgs;gif;jpg;jpeg;jpe;resx;tiff;tif;png;wav;mfcribbon-ms</Extensions>
    </Filter>
    <Filter Include="Header Files\Characters">
      <UniqueIdentifier>{084ad0d7-913e-42bc-977a-3f30e4960948}</UniqueIdentifier>
    </Filter>
    <Filter Include="Header Files\World">
      <UniqueIdentifier>{e0d0bd6b-2984-414d-a317-6d94d68412bf}</UniqueIdentifier>
    </Filter>
    <Filter Include="Source Files\Characters">
      <UniqueIdentifier>{81df99a5-5d70-44dd-aeb7-8253f2792fb8}</UniqueIdentifier>
    </Filter>
    <Filter Include="Resource Files\Megaman X Sprites">
      <UniqueIdentifier>{2cf55c41-f015-4e2d-963f-8f657f6209e9}</UniqueIdentifier>
    </Filter>
    <Filter Include="Resource Files\Megaman X Sprites\Run">
      <UniqueIdentifier>{82a8afbb-3b98-492a-a19e-f71dee0c75d1}</UniqueIdentifier>
    </Filter>
    <Filter Include="Resource Files\Megaman X Sprites\Stand">
      <UniqueIdentifier>{9cf3c060-5e87-4b4d-b6ee-4eff5fd4c1b4}</UniqueIdentifier>
    </Filter>
    <Filter Include="Resource Files\Megaman X Sprites\Jump">
      <UniqueIdentifier>{3b782c68-905e-4041-8755-88cb975054ce}</UniqueIdentifier>
    </Filter>
    <Filter Include="Resource Files\Megaman X Sprites\Level Entrance">
      <UniqueIdentifier>{ad821f57-0fc4-4e75-8513-d832454a7918}</UniqueIdentifier>
    </Filter>
    <Filter Include="Header Files\SOIL">
      <UniqueIdentifier>{333dddd7-df17-4d39-b9ae-e8b7bba5d3f1}</UniqueIdentifier>
    </Filter>
    <Filter Include="Source Files\SOIL">
      <UniqueIdentifier>{e0b4bf5c-682f-48b3-b9bc-330f364df2d7}</UniqueIdentifier>
    </Filter>
    <Filter Include="Resource Files\Megaman X Sprites\Fire">
      <UniqueIdentifier>{3c5c2de6-ee41-4757-8e6c-e0c5ab855552}</UniqueIdentifier>
    </Filter>
    <Filter Include="Resource Files\Megaman X Sprites\dash">
      <UniqueIdentifier>{a197e3d6-5732-4128-aeac-8fbb8d836898}</UniqueIdentifier>
    </Filter>
    <Filter Include="Source Files\Objects">
      <UniqueIdentifier>{b87940e9-a976-4e64-ad6f-2a4341b98ed7}</UniqueIdentifier>
    </Filter>
    <Filter Include="Resource Files\Megaman X Sprites\Bullet">
      <UniqueIdentifier>{74902c28-c077-4120-a045-e984abf2347a}</UniqueIdentifier>
    </Filter>
    <Filter Include="Resource Files\Zero Sprites">
      <UniqueIdentifier>{5a8b12f0-c505-4da8-8da3-a5e73fa64f37}</UniqueIdentifier>
    </Filter>
    <Filter Include="Resource Files\Zero Sprites\Stand">
      <UniqueIdentifier>{f6bc386d-fd71-449f-9d02-2b1018b9fc9f}</UniqueIdentifier>
    </Filter>
    <Filter Include="Resource Files\Zero Sprites\Entry">
      <UniqueIdentifier>{912b5a79-584d-4a27-8620-da147e6e162e}</UniqueIdentifier>
    </Filter>
    <Filter Include="Resource Files\Zero Sprites\Run">
      <UniqueIdentifier>{a296f033-4a66-4b87-916b-5b8a258f97e1}</UniqueIdentifier>
    </Filter>
    <Filter Include="Resource Files\Zero Sprites\Jump">
      <UniqueIdentifier>{034596a4-5a7a-4458-b054-4d684296b2e3}</UniqueIdentifier>
    </Filter>
    <Filter Include="Resource Files\Zero Sprites\Dash">
      <UniqueIdentifier>{adb4ef21-679a-41fe-b35e-61f4bf7762b4}</UniqueIdentifier>
    </Filter>
    <Filter Include="Resource Files\Zero Sprites\Fire">
      <UniqueIdentifier>{d61dc922-d1d3-4769-ac23-7be5e1cf2026}</UniqueIdentifier>
    </Filter>
    <Filter Include="Resource Files\IntroScreens">
      <UniqueIdentifier>{a5274c42-ec08-4605-a0bb-14c39f7a205c}</UniqueIdentifier>
    </Filter>
    <Filter Include="Header Files\Objects">
      <UniqueIdentifier>{20e2f0c7-4e5a-4838-a6d6-53ea148ed844}</UniqueIdentifier>
    </Filter>
    <Filter Include="Resource Files\Zero Sprites\Saber">
      <UniqueIdentifier>{a94fe6e1-a0ef-4f19-8cea-6c865dd0476c}</UniqueIdentifier>
    </Filter>
    <Filter Include="Resource Files\Zero Sprites\Health">
      <UniqueIdentifier>{83783aec-d95c-4d6f-96be-911b6d7620f6}</UniqueIdentifier>
    </Filter>
    <Filter Include="Header Files\Geometry">
      <UniqueIdentifier>{096450d7-b6de-41d2-a3d1-d130329a074a}</UniqueIdentifier>
    </Filter>
    <Filter Include="Source Files\Geometry">
      <UniqueIdentifier>{78ce3194-15a5-489c-889e-875a94249aee}</UniqueIdentifier>
    </Filter>
  </ItemGroup>
  <ItemGroup>
    <ClInclude Include="X.h">
      <Filter>Header Files\Characters</Filter>
    </ClInclude>
    <ClInclude Include="World.h">
      <Filter>Header Files\World</Filter>
    </ClInclude>
    <ClInclude Include="..\..\..\..\..\..\..\CMSC425\lib\Simple OpenGL Image Library\src\image_DXT.h">
      <Filter>Header Files\SOIL</Filter>
    </ClInclude>
    <ClInclude Include="..\..\..\..\..\..\..\CMSC425\lib\Simple OpenGL Image Library\src\image_helper.h">
      <Filter>Header Files\SOIL</Filter>
    </ClInclude>
    <ClInclude Include="..\..\..\..\..\..\..\CMSC425\lib\Simple OpenGL Image Library\src\SOIL.h">
      <Filter>Header Files\SOIL</Filter>
    </ClInclude>
    <ClInclude Include="..\..\..\..\..\..\..\CMSC425\lib\Simple OpenGL Image Library\src\stb_image_aug.h">
      <Filter>Header Files\SOIL</Filter>
    </ClInclude>
    <ClInclude Include="..\..\..\..\..\..\..\CMSC425\lib\Simple OpenGL Image Library\src\stbi_DDS_aug.h">
      <Filter>Header Files\SOIL</Filter>
    </ClInclude>
    <ClInclude Include="..\..\..\..\..\..\..\CMSC425\lib\Simple OpenGL Image Library\src\stbi_DDS_aug_c.h">
      <Filter>Header Files\SOIL</Filter>
    </ClInclude>
    <ClInclude Include="X_Bullet.h">
      <Filter>Header Files\Objects</Filter>
    </ClInclude>
    <ClInclude Include="Zero.h">
      <Filter>Header Files\Characters</Filter>
    </ClInclude>
    <ClInclude Include="Main_Menu.h">
      <Filter>Header Files\World</Filter>
    </ClInclude>
    <ClInclude Include="constants.h">
      <Filter>Header Files</Filter>
    </ClInclude>
    <ClInclude Include="ZeroAI.h">
      <Filter>Header Files</Filter>
    </ClInclude>
    <ClInclude Include="Z_Bullet.h">
      <Filter>Header Files\Objects</Filter>
    </ClInclude>
    <ClInclude Include="Point2D.h">
      <Filter>Header Files\Geometry</Filter>
    </ClInclude>
    <ClInclude Include="Rectangle2D.h">
      <Filter>Header Files\Geometry</Filter>
    </ClInclude>
    <ClInclude Include="BackGround.h">
      <Filter>Header Files\World</Filter>
    </ClInclude>
    <ClInclude Include="Box.h">
      <Filter>Header Files\World</Filter>
    </ClInclude>
    <ClInclude Include="Saber.h">
      <Filter>Header Files\Objects</Filter>
    </ClInclude>
    <ClInclude Include="Texture.h">
      <Filter>Header Files</Filter>
    </ClInclude>
  </ItemGroup>
  <ItemGroup>
    <ClCompile Include="X.cpp">
      <Filter>Source Files\Characters</Filter>
    </ClCompile>
    <ClCompile Include="Driver.cpp">
      <Filter>Source Files</Filter>
    </ClCompile>
    <ClCompile Include="World.cpp">
      <Filter>Source Files</Filter>
    </ClCompile>
    <ClCompile Include="..\..\..\..\..\..\..\CMSC425\lib\Simple OpenGL Image Library\src\image_DXT.c">
      <Filter>Source Files\SOIL</Filter>
    </ClCompile>
    <ClCompile Include="..\..\..\..\..\..\..\CMSC425\lib\Simple OpenGL Image Library\src\image_helper.c">
      <Filter>Source Files\SOIL</Filter>
    </ClCompile>
    <ClCompile Include="..\..\..\..\..\..\..\CMSC425\lib\Simple OpenGL Image Library\src\SOIL.c">
      <Filter>Source Files\SOIL</Filter>
    </ClCompile>
    <ClCompile Include="..\..\..\..\..\..\..\CMSC425\lib\Simple OpenGL Image Library\src\stb_image_aug.c">
      <Filter>Source Files\SOIL</Filter>
    </ClCompile>
    <ClCompile Include="BackGround.cpp">
      <Filter>Source Files</Filter>
    </ClCompile>
    <ClCompile Include="X_Bullet.cpp">
      <Filter>Source Files\Objects</Filter>
    </ClCompile>
    <ClCompile Include="Zero.cpp">
      <Filter>Source Files\Characters</Filter>
    </ClCompile>
    <ClCompile Include="Main_Menu.cpp">
      <Filter>Source Files</Filter>
    </ClCompile>
    <ClCompile Include="ZeroAI.cpp">
      <Filter>Source Files</Filter>
    </ClCompile>
    <ClCompile Include="Z_Bullet.cpp">
      <Filter>Source Files\Objects</Filter>
    </ClCompile>
    <ClCompile Include="Point2D.cpp">
      <Filter>Source Files\Geometry</Filter>
    </ClCompile>
    <ClCompile Include="Rectangle2D.cpp">
      <Filter>Source Files\Geometry</Filter>
    </ClCompile>
    <ClCompile Include="Box.cpp">
      <Filter>Source Files</Filter>
    </ClCompile>
    <ClCompile Include="Saber.cpp">
      <Filter>Source Files\Objects</Filter>
    </ClCompile>
    <ClCompile Include="Texture.cpp">
      <Filter>Source Files</Filter>
    </ClCompile>
  </ItemGroup>
  <ItemGroup>
    <Image Include="Sprites\Megaman\stand\stand_right.png">
      <Filter>Resource Files\Megaman X Sprites\Stand</Filter>
    </Image>
    <Image Include="Sprites\Megaman\stand\stand_left.png">
      <Filter>Resource Files\Megaman X Sprites\Stand</Filter>
    </Image>
    <Image Include="Sprites\Megaman\Run\run_left.png">
      <Filter>Resource Files\Megaman X Sprites\Run</Filter>
    </Image>
    <Image Include="Sprites\Megaman\Entry\X_Entry.png">
      <Filter>Resource Files\Megaman X Sprites\Level Entrance</Filter>
    </Image>
    <Image Include="Sprites\Megaman\jump\jump_left.png">
      <Filter>Resource Files\Megaman X Sprites\Jump</Filter>
    </Image>
    <Image Include="Sprites\Megaman\jump\jump_right.png">
      <Filter>Resource Files\Megaman X Sprites\Jump</Filter>
    </Image>
    <Image Include="Sprites\Megaman\Run\run_right.png">
      <Filter>Resource Files\Megaman X Sprites\Run</Filter>
    </Image>
    <Image Include="Sprites\Megaman\fire\fire_left.png">
      <Filter>Resource Files\Megaman X Sprites\Fire</Filter>
    </Image>
    <Image Include="Sprites\Megaman\fire\fire_right.png">
      <Filter>Resource Files\Megaman X Sprites\Fire</Filter>
    </Image>
    <Image Include="Sprites\Megaman\dash\dash_right.png">
      <Filter>Resource Files\Megaman X Sprites\dash</Filter>
    </Image>
    <Image Include="Sprites\Megaman\dash\dash_left.png">
      <Filter>Resource Files\Megaman X Sprites\dash</Filter>
    </Image>
    <Image Include="Sprites\Megaman\Bullet\X_Bullet_right.png">
      <Filter>Resource Files\Megaman X Sprites\Bullet</Filter>
    </Image>
    <Image Include="Sprites\Megaman\Bullet\X_Bullet_left.png">
      <Filter>Resource Files\Megaman X Sprites\Bullet</Filter>
    </Image>
    <Image Include="Sprites\Megaman\Bullet\splat.png">
      <Filter>Resource Files\Megaman X Sprites\Bullet</Filter>
    </Image>
    <Image Include="Sprites\Zero\stand\stand_right.png">
      <Filter>Resource Files\Zero Sprites\Stand</Filter>
    </Image>
    <Image Include="Sprites\Zero\Entry\Zero_Entry.png">
      <Filter>Resource Files\Zero Sprites\Entry</Filter>
    </Image>
    <Image Include="Sprites\Zero\Run\run_right.png">
      <Filter>Resource Files\Zero Sprites\Run</Filter>
    </Image>
    <Image Include="Sprites\Zero\jump\jump_right.png">
      <Filter>Resource Files\Zero Sprites\Jump</Filter>
    </Image>
    <Image Include="Sprites\Zero\dash\dash_right.png">
      <Filter>Resource Files\Zero Sprites\Dash</Filter>
    </Image>
    <Image Include="Sprites\Zero\Fire\Fire_right.png">
      <Filter>Resource Files\Zero Sprites\Fire</Filter>
    </Image>
    <Image Include="Main Screen\Main_Screen_Blank.png">
      <Filter>Resource Files\IntroScreens</Filter>
    </Image>
    <Image Include="Sprites\Zero\dash\dash_left.png">
      <Filter>Resource Files\Zero Sprites\Dash</Filter>
    </Image>
    <Image Include="Sprites\Zero\Entry\Zero_Entry_left.png">
      <Filter>Resource Files\Zero Sprites\Entry</Filter>
    </Image>
    <Image Include="Sprites\Zero\jump\jump_left.png">
      <Filter>Resource Files\Zero Sprites\Jump</Filter>
    </Image>
    <Image Include="Sprites\Zero\Run\run_left.png">
      <Filter>Resource Files\Zero Sprites\Run</Filter>
    </Image>
    <Image Include="Sprites\Zero\stand\stand_left.png">
      <Filter>Resource Files\Zero Sprites\Stand</Filter>
    </Image>
    <Image Include="Sprites\Zero\Saber\saber_right.png">
      <Filter>Resource Files\Zero Sprites\Saber</Filter>
    </Image>
    <Image Include="Sprites\Zero\Fire\Fire_left.png">
      <Filter>Resource Files\Zero Sprites\Fire</Filter>
    </Image>
    <Image Include="Sprites\Zero\Saber\saber_left.png">
      <Filter>Resource Files\Zero Sprites\Saber</Filter>
    </Image>
    <Image Include="Sprites\Zero\Health_bar\health_bar.png">
      <Filter>Resource Files\Zero Sprites\Health</Filter>
    </Image>
    <Image Include="Sprites\Zero\Health_bar\health_block.png">
      <Filter>Resource Files\Zero Sprites\Health</Filter>
    </Image>
  </ItemGroup>
</Project>